// !$*UTF8*$!
{
	archiveVersion = 1;
	classes = {
	};
	objectVersion = 52;
	objects = {

/* Begin PBXBuildFile section */
		851362E6272537C6000FB347 /* AppNavTitle.swift in Sources */ = {isa = PBXBuildFile; fileRef = 851362E5272537C5000FB347 /* AppNavTitle.swift */; };
		851362E8272538A2000FB347 /* AppNavBar.swift in Sources */ = {isa = PBXBuildFile; fileRef = 851362E7272538A2000FB347 /* AppNavBar.swift */; };
		8523AEAB26B4A171006EC205 /* LegendItem.swift in Sources */ = {isa = PBXBuildFile; fileRef = 8523AEA526B4A171006EC205 /* LegendItem.swift */; };
		8523AEAC26B4A171006EC205 /* Legend.swift in Sources */ = {isa = PBXBuildFile; fileRef = 8523AEA626B4A171006EC205 /* Legend.swift */; };
		8523AEAD26B4A171006EC205 /* PieChart.swift in Sources */ = {isa = PBXBuildFile; fileRef = 8523AEA826B4A171006EC205 /* PieChart.swift */; };
		8523AEAE26B4A171006EC205 /* PieceOfPie.swift in Sources */ = {isa = PBXBuildFile; fileRef = 8523AEA926B4A171006EC205 /* PieceOfPie.swift */; };
		8523AEAF26B4A171006EC205 /* PieChartWithLegend.swift in Sources */ = {isa = PBXBuildFile; fileRef = 8523AEAA26B4A171006EC205 /* PieChartWithLegend.swift */; };
		85337B102702133F00EFABB4 /* DetailedExpenseViewModel.swift in Sources */ = {isa = PBXBuildFile; fileRef = 85337B0F2702133F00EFABB4 /* DetailedExpenseViewModel.swift */; };
		85367B322689871B00B9C1C8 /* DetailedExpenseView.swift in Sources */ = {isa = PBXBuildFile; fileRef = 85367B312689871B00B9C1C8 /* DetailedExpenseView.swift */; };
		854FDE6A271E009500A2CAC1 /* LimitCard.swift in Sources */ = {isa = PBXBuildFile; fileRef = 854FDE69271E009500A2CAC1 /* LimitCard.swift */; };
		854FDE6C271E031C00A2CAC1 /* ReminderCard.swift in Sources */ = {isa = PBXBuildFile; fileRef = 854FDE6B271E031C00A2CAC1 /* ReminderCard.swift */; };
		8554E0E226FE2AC3003945EE /* Introspect in Frameworks */ = {isa = PBXBuildFile; productRef = 8554E0E126FE2AC3003945EE /* Introspect */; };
		8554E0E526FE30D0003945EE /* AddExpenseViewModel.swift in Sources */ = {isa = PBXBuildFile; fileRef = 8554E0E426FE30D0003945EE /* AddExpenseViewModel.swift */; };
		8554E0E826FE3251003945EE /* ExpenseType.swift in Sources */ = {isa = PBXBuildFile; fileRef = 8554E0E726FE3251003945EE /* ExpenseType.swift */; };
		8554E0EA26FE4C82003945EE /* UIAppearanceUtils.swift in Sources */ = {isa = PBXBuildFile; fileRef = 8554E0E926FE4C82003945EE /* UIAppearanceUtils.swift */; };
		855FB9162703626B00A0CB79 /* CloudKit.framework in Frameworks */ = {isa = PBXBuildFile; fileRef = 855FB9152703626B00A0CB79 /* CloudKit.framework */; };
		8564902D2706E550007FB202 /* ExpensePieChartViewModel.swift in Sources */ = {isa = PBXBuildFile; fileRef = 8564902C2706E550007FB202 /* ExpensePieChartViewModel.swift */; };
		8566795F2688CE79007A731B /* ExpenseTrackingAppApp.swift in Sources */ = {isa = PBXBuildFile; fileRef = 8566795E2688CE79007A731B /* ExpenseTrackingAppApp.swift */; };
		856679612688CE79007A731B /* ContentView.swift in Sources */ = {isa = PBXBuildFile; fileRef = 856679602688CE79007A731B /* ContentView.swift */; };
		856679632688CE81007A731B /* Assets.xcassets in Resources */ = {isa = PBXBuildFile; fileRef = 856679622688CE81007A731B /* Assets.xcassets */; };
		856679662688CE81007A731B /* Preview Assets.xcassets in Resources */ = {isa = PBXBuildFile; fileRef = 856679652688CE81007A731B /* Preview Assets.xcassets */; };
		856679682688CE81007A731B /* PersistenceManager.swift in Sources */ = {isa = PBXBuildFile; fileRef = 856679672688CE81007A731B /* PersistenceManager.swift */; };
		8566796B2688CE81007A731B /* ExpenseTrackingApp.xcdatamodeld in Sources */ = {isa = PBXBuildFile; fileRef = 856679692688CE81007A731B /* ExpenseTrackingApp.xcdatamodeld */; };
		856679762688CE82007A731B /* ExpenseTrackingAppTests.swift in Sources */ = {isa = PBXBuildFile; fileRef = 856679752688CE82007A731B /* ExpenseTrackingAppTests.swift */; };
		856679812688CE82007A731B /* ExpenseTrackingAppUITests.swift in Sources */ = {isa = PBXBuildFile; fileRef = 856679802688CE82007A731B /* ExpenseTrackingAppUITests.swift */; };
		856679952688D177007A731B /* CustomViewModifiers.swift in Sources */ = {isa = PBXBuildFile; fileRef = 856679942688D176007A731B /* CustomViewModifiers.swift */; };
		856679972688D336007A731B /* String+Extensions.swift in Sources */ = {isa = PBXBuildFile; fileRef = 856679962688D336007A731B /* String+Extensions.swift */; };
		8566799D2688D46A007A731B /* ExpenseManager.swift in Sources */ = {isa = PBXBuildFile; fileRef = 8566799C2688D46A007A731B /* ExpenseManager.swift */; };
		856679A32688DE37007A731B /* AddExpenseView.swift in Sources */ = {isa = PBXBuildFile; fileRef = 856679A22688DE36007A731B /* AddExpenseView.swift */; };
		856679A52688E013007A731B /* ExpenseListItem.swift in Sources */ = {isa = PBXBuildFile; fileRef = 856679A42688E013007A731B /* ExpenseListItem.swift */; };
		857582B62709E6500062FDD0 /* ExpenseListViewModel.swift in Sources */ = {isa = PBXBuildFile; fileRef = 857582B52709E6500062FDD0 /* ExpenseListViewModel.swift */; };
		857582BA270A2D1A0062FDD0 /* ExpenseCompanion.swift in Sources */ = {isa = PBXBuildFile; fileRef = 857582B9270A2D1A0062FDD0 /* ExpenseCompanion.swift */; };
		857582BE270AB5700062FDD0 /* SettingsViewModel.swift in Sources */ = {isa = PBXBuildFile; fileRef = 857582BD270AB5700062FDD0 /* SettingsViewModel.swift */; };
		857582C0270AB6780062FDD0 /* SettingsView.swift in Sources */ = {isa = PBXBuildFile; fileRef = 857582BF270AB6780062FDD0 /* SettingsView.swift */; };
		857582C2270B3ED30062FDD0 /* CurrencySelectionCard.swift in Sources */ = {isa = PBXBuildFile; fileRef = 857582C1270B3ED30062FDD0 /* CurrencySelectionCard.swift */; };
		8589A239270356860033B791 /* UIApplication+Extensions.swift in Sources */ = {isa = PBXBuildFile; fileRef = 8589A238270356860033B791 /* UIApplication+Extensions.swift */; };
		858EC0A62717324300E1D904 /* LimitsViewModel.swift in Sources */ = {isa = PBXBuildFile; fileRef = 858EC0A52717324300E1D904 /* LimitsViewModel.swift */; };
		858EC0A8271745D900E1D904 /* LimitsView.swift in Sources */ = {isa = PBXBuildFile; fileRef = 858EC0A7271745D800E1D904 /* LimitsView.swift */; };
		858EC0AA27174B0100E1D904 /* LimitsSelectionCard.swift in Sources */ = {isa = PBXBuildFile; fileRef = 858EC0A927174B0100E1D904 /* LimitsSelectionCard.swift */; };
		85A2F99726FF0677001818AC /* NavBarButtons.swift in Sources */ = {isa = PBXBuildFile; fileRef = 85A2F99626FF0677001818AC /* NavBarButtons.swift */; };
		85A2F99926FF09E8001818AC /* ExpensePieChart.swift in Sources */ = {isa = PBXBuildFile; fileRef = 85A2F99826FF09E8001818AC /* ExpensePieChart.swift */; };
		85A2F99D26FF8163001818AC /* ExpenseList.swift in Sources */ = {isa = PBXBuildFile; fileRef = 85A2F99C26FF8163001818AC /* ExpenseList.swift */; };
		85A2F99F26FF81AE001818AC /* DevTestUtils.swift in Sources */ = {isa = PBXBuildFile; fileRef = 85A2F99E26FF81AE001818AC /* DevTestUtils.swift */; };
		85A9F9B92718B74A0060F5FD /* DayPicker.swift in Sources */ = {isa = PBXBuildFile; fileRef = 85A9F9B82718B74A0060F5FD /* DayPicker.swift */; };
		85A9F9BB27197F9A0060F5FD /* LimitReminder.swift in Sources */ = {isa = PBXBuildFile; fileRef = 85A9F9BA27197F9A0060F5FD /* LimitReminder.swift */; };
		85A9F9BD2719D5550060F5FD /* Constants.swift in Sources */ = {isa = PBXBuildFile; fileRef = 85A9F9BC2719D5550060F5FD /* Constants.swift */; };
		85A9F9BF271A11960060F5FD /* ForegroundNotificationHandler.swift in Sources */ = {isa = PBXBuildFile; fileRef = 85A9F9BE271A11960060F5FD /* ForegroundNotificationHandler.swift */; };
		85E7E613269986D100CBEEB0 /* ExpenseItemViewModel.swift in Sources */ = {isa = PBXBuildFile; fileRef = 85E7E612269986D100CBEEB0 /* ExpenseItemViewModel.swift */; };
		85EB1A13270B478A0088F168 /* UserPrefsCompanion.swift in Sources */ = {isa = PBXBuildFile; fileRef = 85EB1A12270B478A0088F168 /* UserPrefsCompanion.swift */; };
		85EB1A15270B48290088F168 /* SettingsManager.swift in Sources */ = {isa = PBXBuildFile; fileRef = 85EB1A14270B48290088F168 /* SettingsManager.swift */; };
		85F9CC0A2704DB07007C2DF3 /* KeyboardUtils.swift in Sources */ = {isa = PBXBuildFile; fileRef = 85F9CC092704DB07007C2DF3 /* KeyboardUtils.swift */; };
		85F9CC0C2705765E007C2DF3 /* ResponsiveTextField.swift in Sources */ = {isa = PBXBuildFile; fileRef = 85F9CC0B2705765E007C2DF3 /* ResponsiveTextField.swift */; };
/* End PBXBuildFile section */

/* Begin PBXContainerItemProxy section */
		856679722688CE82007A731B /* PBXContainerItemProxy */ = {
			isa = PBXContainerItemProxy;
			containerPortal = 856679532688CE78007A731B /* Project object */;
			proxyType = 1;
			remoteGlobalIDString = 8566795A2688CE78007A731B;
			remoteInfo = ExpenseTrackingApp;
		};
		8566797D2688CE82007A731B /* PBXContainerItemProxy */ = {
			isa = PBXContainerItemProxy;
			containerPortal = 856679532688CE78007A731B /* Project object */;
			proxyType = 1;
			remoteGlobalIDString = 8566795A2688CE78007A731B;
			remoteInfo = ExpenseTrackingApp;
		};
/* End PBXContainerItemProxy section */

/* Begin PBXFileReference section */
		851362E5272537C5000FB347 /* AppNavTitle.swift */ = {isa = PBXFileReference; lastKnownFileType = sourcecode.swift; path = AppNavTitle.swift; sourceTree = "<group>"; };
		851362E7272538A2000FB347 /* AppNavBar.swift */ = {isa = PBXFileReference; lastKnownFileType = sourcecode.swift; path = AppNavBar.swift; sourceTree = "<group>"; };
		8523AEA526B4A171006EC205 /* LegendItem.swift */ = {isa = PBXFileReference; fileEncoding = 4; lastKnownFileType = sourcecode.swift; path = LegendItem.swift; sourceTree = "<group>"; };
		8523AEA626B4A171006EC205 /* Legend.swift */ = {isa = PBXFileReference; fileEncoding = 4; lastKnownFileType = sourcecode.swift; path = Legend.swift; sourceTree = "<group>"; };
		8523AEA826B4A171006EC205 /* PieChart.swift */ = {isa = PBXFileReference; fileEncoding = 4; lastKnownFileType = sourcecode.swift; path = PieChart.swift; sourceTree = "<group>"; };
		8523AEA926B4A171006EC205 /* PieceOfPie.swift */ = {isa = PBXFileReference; fileEncoding = 4; lastKnownFileType = sourcecode.swift; path = PieceOfPie.swift; sourceTree = "<group>"; };
		8523AEAA26B4A171006EC205 /* PieChartWithLegend.swift */ = {isa = PBXFileReference; fileEncoding = 4; lastKnownFileType = sourcecode.swift; path = PieChartWithLegend.swift; sourceTree = "<group>"; };
		85337B0F2702133F00EFABB4 /* DetailedExpenseViewModel.swift */ = {isa = PBXFileReference; lastKnownFileType = sourcecode.swift; path = DetailedExpenseViewModel.swift; sourceTree = "<group>"; };
		85339C7827038A08006F5521 /* ExpenseTrackingApp.entitlements */ = {isa = PBXFileReference; lastKnownFileType = text.plist.entitlements; path = ExpenseTrackingApp.entitlements; sourceTree = "<group>"; };
		85367B312689871B00B9C1C8 /* DetailedExpenseView.swift */ = {isa = PBXFileReference; lastKnownFileType = sourcecode.swift; path = DetailedExpenseView.swift; sourceTree = "<group>"; };
		854FDE69271E009500A2CAC1 /* LimitCard.swift */ = {isa = PBXFileReference; lastKnownFileType = sourcecode.swift; path = LimitCard.swift; sourceTree = "<group>"; };
		854FDE6B271E031C00A2CAC1 /* ReminderCard.swift */ = {isa = PBXFileReference; lastKnownFileType = sourcecode.swift; path = ReminderCard.swift; sourceTree = "<group>"; };
		8554E0E426FE30D0003945EE /* AddExpenseViewModel.swift */ = {isa = PBXFileReference; lastKnownFileType = sourcecode.swift; path = AddExpenseViewModel.swift; sourceTree = "<group>"; };
		8554E0E726FE3251003945EE /* ExpenseType.swift */ = {isa = PBXFileReference; lastKnownFileType = sourcecode.swift; path = ExpenseType.swift; sourceTree = "<group>"; };
		8554E0E926FE4C82003945EE /* UIAppearanceUtils.swift */ = {isa = PBXFileReference; lastKnownFileType = sourcecode.swift; path = UIAppearanceUtils.swift; sourceTree = "<group>"; };
		855FB9132703626700A0CB79 /* ExpenseTrackingAppRelease.entitlements */ = {isa = PBXFileReference; lastKnownFileType = text.plist.entitlements; path = ExpenseTrackingAppRelease.entitlements; sourceTree = "<group>"; };
		855FB9152703626B00A0CB79 /* CloudKit.framework */ = {isa = PBXFileReference; lastKnownFileType = wrapper.framework; name = CloudKit.framework; path = System/Library/Frameworks/CloudKit.framework; sourceTree = SDKROOT; };
		8564902C2706E550007FB202 /* ExpensePieChartViewModel.swift */ = {isa = PBXFileReference; lastKnownFileType = sourcecode.swift; path = ExpensePieChartViewModel.swift; sourceTree = "<group>"; };
		8566795B2688CE78007A731B /* ExpenseTrackingApp.app */ = {isa = PBXFileReference; explicitFileType = wrapper.application; includeInIndex = 0; path = ExpenseTrackingApp.app; sourceTree = BUILT_PRODUCTS_DIR; };
		8566795E2688CE79007A731B /* ExpenseTrackingAppApp.swift */ = {isa = PBXFileReference; lastKnownFileType = sourcecode.swift; path = ExpenseTrackingAppApp.swift; sourceTree = "<group>"; };
		856679602688CE79007A731B /* ContentView.swift */ = {isa = PBXFileReference; lastKnownFileType = sourcecode.swift; path = ContentView.swift; sourceTree = "<group>"; };
		856679622688CE81007A731B /* Assets.xcassets */ = {isa = PBXFileReference; lastKnownFileType = folder.assetcatalog; path = Assets.xcassets; sourceTree = "<group>"; };
		856679652688CE81007A731B /* Preview Assets.xcassets */ = {isa = PBXFileReference; lastKnownFileType = folder.assetcatalog; path = "Preview Assets.xcassets"; sourceTree = "<group>"; };
		856679672688CE81007A731B /* PersistenceManager.swift */ = {isa = PBXFileReference; lastKnownFileType = sourcecode.swift; path = PersistenceManager.swift; sourceTree = "<group>"; };
		8566796A2688CE81007A731B /* ExpenseTrackingApp.xcdatamodel */ = {isa = PBXFileReference; lastKnownFileType = wrapper.xcdatamodel; path = ExpenseTrackingApp.xcdatamodel; sourceTree = "<group>"; };
		8566796C2688CE81007A731B /* Info.plist */ = {isa = PBXFileReference; lastKnownFileType = text.plist.xml; path = Info.plist; sourceTree = "<group>"; };
		856679712688CE82007A731B /* ExpenseTrackingAppTests.xctest */ = {isa = PBXFileReference; explicitFileType = wrapper.cfbundle; includeInIndex = 0; path = ExpenseTrackingAppTests.xctest; sourceTree = BUILT_PRODUCTS_DIR; };
		856679752688CE82007A731B /* ExpenseTrackingAppTests.swift */ = {isa = PBXFileReference; lastKnownFileType = sourcecode.swift; path = ExpenseTrackingAppTests.swift; sourceTree = "<group>"; };
		856679772688CE82007A731B /* Info.plist */ = {isa = PBXFileReference; lastKnownFileType = text.plist.xml; path = Info.plist; sourceTree = "<group>"; };
		8566797C2688CE82007A731B /* ExpenseTrackingAppUITests.xctest */ = {isa = PBXFileReference; explicitFileType = wrapper.cfbundle; includeInIndex = 0; path = ExpenseTrackingAppUITests.xctest; sourceTree = BUILT_PRODUCTS_DIR; };
		856679802688CE82007A731B /* ExpenseTrackingAppUITests.swift */ = {isa = PBXFileReference; lastKnownFileType = sourcecode.swift; path = ExpenseTrackingAppUITests.swift; sourceTree = "<group>"; };
		856679822688CE82007A731B /* Info.plist */ = {isa = PBXFileReference; lastKnownFileType = text.plist.xml; path = Info.plist; sourceTree = "<group>"; };
		856679942688D176007A731B /* CustomViewModifiers.swift */ = {isa = PBXFileReference; lastKnownFileType = sourcecode.swift; path = CustomViewModifiers.swift; sourceTree = "<group>"; };
		856679962688D336007A731B /* String+Extensions.swift */ = {isa = PBXFileReference; lastKnownFileType = sourcecode.swift; path = "String+Extensions.swift"; sourceTree = "<group>"; };
		8566799C2688D46A007A731B /* ExpenseManager.swift */ = {isa = PBXFileReference; lastKnownFileType = sourcecode.swift; path = ExpenseManager.swift; sourceTree = "<group>"; };
		856679A22688DE36007A731B /* AddExpenseView.swift */ = {isa = PBXFileReference; lastKnownFileType = sourcecode.swift; path = AddExpenseView.swift; sourceTree = "<group>"; };
		856679A42688E013007A731B /* ExpenseListItem.swift */ = {isa = PBXFileReference; lastKnownFileType = sourcecode.swift; path = ExpenseListItem.swift; sourceTree = "<group>"; };
		857582B52709E6500062FDD0 /* ExpenseListViewModel.swift */ = {isa = PBXFileReference; lastKnownFileType = sourcecode.swift; path = ExpenseListViewModel.swift; sourceTree = "<group>"; };
		857582B9270A2D1A0062FDD0 /* ExpenseCompanion.swift */ = {isa = PBXFileReference; lastKnownFileType = sourcecode.swift; path = ExpenseCompanion.swift; sourceTree = "<group>"; };
		857582BD270AB5700062FDD0 /* SettingsViewModel.swift */ = {isa = PBXFileReference; lastKnownFileType = sourcecode.swift; path = SettingsViewModel.swift; sourceTree = "<group>"; };
		857582BF270AB6780062FDD0 /* SettingsView.swift */ = {isa = PBXFileReference; lastKnownFileType = sourcecode.swift; path = SettingsView.swift; sourceTree = "<group>"; };
		857582C1270B3ED30062FDD0 /* CurrencySelectionCard.swift */ = {isa = PBXFileReference; lastKnownFileType = sourcecode.swift; path = CurrencySelectionCard.swift; sourceTree = "<group>"; };
		8589A238270356860033B791 /* UIApplication+Extensions.swift */ = {isa = PBXFileReference; lastKnownFileType = sourcecode.swift; path = "UIApplication+Extensions.swift"; sourceTree = "<group>"; };
		858EC0A52717324300E1D904 /* LimitsViewModel.swift */ = {isa = PBXFileReference; lastKnownFileType = sourcecode.swift; path = LimitsViewModel.swift; sourceTree = "<group>"; };
		858EC0A7271745D800E1D904 /* LimitsView.swift */ = {isa = PBXFileReference; lastKnownFileType = sourcecode.swift; path = LimitsView.swift; sourceTree = "<group>"; };
		858EC0A927174B0100E1D904 /* LimitsSelectionCard.swift */ = {isa = PBXFileReference; lastKnownFileType = sourcecode.swift; path = LimitsSelectionCard.swift; sourceTree = "<group>"; };
		85A2F99626FF0677001818AC /* NavBarButtons.swift */ = {isa = PBXFileReference; lastKnownFileType = sourcecode.swift; path = NavBarButtons.swift; sourceTree = "<group>"; };
		85A2F99826FF09E8001818AC /* ExpensePieChart.swift */ = {isa = PBXFileReference; lastKnownFileType = sourcecode.swift; path = ExpensePieChart.swift; sourceTree = "<group>"; };
		85A2F99C26FF8163001818AC /* ExpenseList.swift */ = {isa = PBXFileReference; lastKnownFileType = sourcecode.swift; path = ExpenseList.swift; sourceTree = "<group>"; };
		85A2F99E26FF81AE001818AC /* DevTestUtils.swift */ = {isa = PBXFileReference; lastKnownFileType = sourcecode.swift; path = DevTestUtils.swift; sourceTree = "<group>"; };
		85A9F9B82718B74A0060F5FD /* DayPicker.swift */ = {isa = PBXFileReference; lastKnownFileType = sourcecode.swift; path = DayPicker.swift; sourceTree = "<group>"; };
		85A9F9BA27197F9A0060F5FD /* LimitReminder.swift */ = {isa = PBXFileReference; lastKnownFileType = sourcecode.swift; path = LimitReminder.swift; sourceTree = "<group>"; };
		85A9F9BC2719D5550060F5FD /* Constants.swift */ = {isa = PBXFileReference; lastKnownFileType = sourcecode.swift; path = Constants.swift; sourceTree = "<group>"; };
		85A9F9BE271A11960060F5FD /* ForegroundNotificationHandler.swift */ = {isa = PBXFileReference; lastKnownFileType = sourcecode.swift; path = ForegroundNotificationHandler.swift; sourceTree = "<group>"; };
		85E7E612269986D100CBEEB0 /* ExpenseItemViewModel.swift */ = {isa = PBXFileReference; lastKnownFileType = sourcecode.swift; path = ExpenseItemViewModel.swift; sourceTree = "<group>"; };
		85EB1A12270B478A0088F168 /* UserPrefsCompanion.swift */ = {isa = PBXFileReference; lastKnownFileType = sourcecode.swift; path = UserPrefsCompanion.swift; sourceTree = "<group>"; };
		85EB1A14270B48290088F168 /* SettingsManager.swift */ = {isa = PBXFileReference; lastKnownFileType = sourcecode.swift; path = SettingsManager.swift; sourceTree = "<group>"; };
		85F9CC092704DB07007C2DF3 /* KeyboardUtils.swift */ = {isa = PBXFileReference; lastKnownFileType = sourcecode.swift; path = KeyboardUtils.swift; sourceTree = "<group>"; };
		85F9CC0B2705765E007C2DF3 /* ResponsiveTextField.swift */ = {isa = PBXFileReference; lastKnownFileType = sourcecode.swift; path = ResponsiveTextField.swift; sourceTree = "<group>"; };
/* End PBXFileReference section */

/* Begin PBXFrameworksBuildPhase section */
		856679582688CE78007A731B /* Frameworks */ = {
			isa = PBXFrameworksBuildPhase;
			buildActionMask = 2147483647;
			files = (
				8554E0E226FE2AC3003945EE /* Introspect in Frameworks */,
				855FB9162703626B00A0CB79 /* CloudKit.framework in Frameworks */,
			);
			runOnlyForDeploymentPostprocessing = 0;
		};
		8566796E2688CE82007A731B /* Frameworks */ = {
			isa = PBXFrameworksBuildPhase;
			buildActionMask = 2147483647;
			files = (
			);
			runOnlyForDeploymentPostprocessing = 0;
		};
		856679792688CE82007A731B /* Frameworks */ = {
			isa = PBXFrameworksBuildPhase;
			buildActionMask = 2147483647;
			files = (
			);
			runOnlyForDeploymentPostprocessing = 0;
		};
/* End PBXFrameworksBuildPhase section */

/* Begin PBXGroup section */
		8523AEA326B4A171006EC205 /* Charts */ = {
			isa = PBXGroup;
			children = (
				8523AEA426B4A171006EC205 /* Legend */,
				8523AEA726B4A171006EC205 /* PieCharts */,
			);
			path = Charts;
			sourceTree = "<group>";
		};
		8523AEA426B4A171006EC205 /* Legend */ = {
			isa = PBXGroup;
			children = (
				8523AEA526B4A171006EC205 /* LegendItem.swift */,
				8523AEA626B4A171006EC205 /* Legend.swift */,
			);
			path = Legend;
			sourceTree = "<group>";
		};
		8523AEA726B4A171006EC205 /* PieCharts */ = {
			isa = PBXGroup;
			children = (
				8523AEA826B4A171006EC205 /* PieChart.swift */,
				8523AEA926B4A171006EC205 /* PieceOfPie.swift */,
				8523AEAA26B4A171006EC205 /* PieChartWithLegend.swift */,
			);
			path = PieCharts;
			sourceTree = "<group>";
		};
		854FDE6D271E056E00A2CAC1 /* Controls */ = {
			isa = PBXGroup;
			children = (
				85F9CC0B2705765E007C2DF3 /* ResponsiveTextField.swift */,
				85A9F9B82718B74A0060F5FD /* DayPicker.swift */,
				85A2F99626FF0677001818AC /* NavBarButtons.swift */,
			);
			path = Controls;
			sourceTree = "<group>";
		};
		854FDE6E271E057700A2CAC1 /* Components */ = {
			isa = PBXGroup;
			children = (
				854FDE6B271E031C00A2CAC1 /* ReminderCard.swift */,
				854FDE69271E009500A2CAC1 /* LimitCard.swift */,
				857582C1270B3ED30062FDD0 /* CurrencySelectionCard.swift */,
				858EC0A927174B0100E1D904 /* LimitsSelectionCard.swift */,
				856679A42688E013007A731B /* ExpenseListItem.swift */,
				85A2F99826FF09E8001818AC /* ExpensePieChart.swift */,
				85A2F99C26FF8163001818AC /* ExpenseList.swift */,
				851362E5272537C5000FB347 /* AppNavTitle.swift */,
				851362E7272538A2000FB347 /* AppNavBar.swift */,
			);
			path = Components;
			sourceTree = "<group>";
		};
		854FDE6F271E058000A2CAC1 /* Screens */ = {
			isa = PBXGroup;
			children = (
				856679602688CE79007A731B /* ContentView.swift */,
				856679A22688DE36007A731B /* AddExpenseView.swift */,
				857582BF270AB6780062FDD0 /* SettingsView.swift */,
				85367B312689871B00B9C1C8 /* DetailedExpenseView.swift */,
				858EC0A7271745D800E1D904 /* LimitsView.swift */,
			);
			path = Screens;
			sourceTree = "<group>";
		};
		8554E0E326FE2D0A003945EE /* Extensions */ = {
			isa = PBXGroup;
			children = (
				856679962688D336007A731B /* String+Extensions.swift */,
				8589A238270356860033B791 /* UIApplication+Extensions.swift */,
			);
			path = Extensions;
			sourceTree = "<group>";
		};
		8554E0E626FE3226003945EE /* Models */ = {
			isa = PBXGroup;
			children = (
				8554E0E726FE3251003945EE /* ExpenseType.swift */,
				857582B9270A2D1A0062FDD0 /* ExpenseCompanion.swift */,
				85EB1A12270B478A0088F168 /* UserPrefsCompanion.swift */,
				85A9F9BA27197F9A0060F5FD /* LimitReminder.swift */,
			);
			path = Models;
			sourceTree = "<group>";
		};
		855FB9142703626B00A0CB79 /* Frameworks */ = {
			isa = PBXGroup;
			children = (
				855FB9152703626B00A0CB79 /* CloudKit.framework */,
			);
			name = Frameworks;
			sourceTree = "<group>";
		};
		856679522688CE78007A731B = {
			isa = PBXGroup;
			children = (
				8566795D2688CE78007A731B /* ExpenseTrackingApp */,
				856679742688CE82007A731B /* ExpenseTrackingAppTests */,
				8566797F2688CE82007A731B /* ExpenseTrackingAppUITests */,
				8566795C2688CE78007A731B /* Products */,
				855FB9142703626B00A0CB79 /* Frameworks */,
			);
			sourceTree = "<group>";
		};
		8566795C2688CE78007A731B /* Products */ = {
			isa = PBXGroup;
			children = (
				8566795B2688CE78007A731B /* ExpenseTrackingApp.app */,
				856679712688CE82007A731B /* ExpenseTrackingAppTests.xctest */,
				8566797C2688CE82007A731B /* ExpenseTrackingAppUITests.xctest */,
			);
			name = Products;
			sourceTree = "<group>";
		};
		8566795D2688CE78007A731B /* ExpenseTrackingApp */ = {
			isa = PBXGroup;
			children = (
				85339C7827038A08006F5521 /* ExpenseTrackingApp.entitlements */,
				855FB9132703626700A0CB79 /* ExpenseTrackingAppRelease.entitlements */,
				8554E0E626FE3226003945EE /* Models */,
				85B2258626A4851A00A698A8 /* Managers */,
				856679912688CFD1007A731B /* Utils */,
				8566798F2688CFC0007A731B /* Views */,
				8566798E2688CFA9007A731B /* ViewModels */,
				8566795E2688CE79007A731B /* ExpenseTrackingAppApp.swift */,
				856679622688CE81007A731B /* Assets.xcassets */,
				8566796C2688CE81007A731B /* Info.plist */,
				856679692688CE81007A731B /* ExpenseTrackingApp.xcdatamodeld */,
				856679642688CE81007A731B /* Preview Content */,
			);
			path = ExpenseTrackingApp;
			sourceTree = "<group>";
		};
		856679642688CE81007A731B /* Preview Content */ = {
			isa = PBXGroup;
			children = (
				856679652688CE81007A731B /* Preview Assets.xcassets */,
			);
			path = "Preview Content";
			sourceTree = "<group>";
		};
		856679742688CE82007A731B /* ExpenseTrackingAppTests */ = {
			isa = PBXGroup;
			children = (
				856679752688CE82007A731B /* ExpenseTrackingAppTests.swift */,
				856679772688CE82007A731B /* Info.plist */,
			);
			path = ExpenseTrackingAppTests;
			sourceTree = "<group>";
		};
		8566797F2688CE82007A731B /* ExpenseTrackingAppUITests */ = {
			isa = PBXGroup;
			children = (
				856679802688CE82007A731B /* ExpenseTrackingAppUITests.swift */,
				856679822688CE82007A731B /* Info.plist */,
			);
			path = ExpenseTrackingAppUITests;
			sourceTree = "<group>";
		};
		8566798E2688CFA9007A731B /* ViewModels */ = {
			isa = PBXGroup;
			children = (
				85E7E612269986D100CBEEB0 /* ExpenseItemViewModel.swift */,
				8554E0E426FE30D0003945EE /* AddExpenseViewModel.swift */,
				85337B0F2702133F00EFABB4 /* DetailedExpenseViewModel.swift */,
				8564902C2706E550007FB202 /* ExpensePieChartViewModel.swift */,
				857582B52709E6500062FDD0 /* ExpenseListViewModel.swift */,
				857582BD270AB5700062FDD0 /* SettingsViewModel.swift */,
				858EC0A52717324300E1D904 /* LimitsViewModel.swift */,
			);
			path = ViewModels;
			sourceTree = "<group>";
		};
		8566798F2688CFC0007A731B /* Views */ = {
			isa = PBXGroup;
			children = (
				854FDE6F271E058000A2CAC1 /* Screens */,
				854FDE6E271E057700A2CAC1 /* Components */,
				854FDE6D271E056E00A2CAC1 /* Controls */,
				8523AEA326B4A171006EC205 /* Charts */,
			);
			path = Views;
			sourceTree = "<group>";
		};
		856679912688CFD1007A731B /* Utils */ = {
			isa = PBXGroup;
			children = (
				8554E0E326FE2D0A003945EE /* Extensions */,
				856679942688D176007A731B /* CustomViewModifiers.swift */,
				8554E0E926FE4C82003945EE /* UIAppearanceUtils.swift */,
				85A2F99E26FF81AE001818AC /* DevTestUtils.swift */,
				85F9CC092704DB07007C2DF3 /* KeyboardUtils.swift */,
				85A9F9BC2719D5550060F5FD /* Constants.swift */,
			);
			path = Utils;
			sourceTree = "<group>";
		};
		85B2258626A4851A00A698A8 /* Managers */ = {
			isa = PBXGroup;
			children = (
				856679672688CE81007A731B /* PersistenceManager.swift */,
				8566799C2688D46A007A731B /* ExpenseManager.swift */,
				85EB1A14270B48290088F168 /* SettingsManager.swift */,
				85A9F9BE271A11960060F5FD /* ForegroundNotificationHandler.swift */,
			);
			path = Managers;
			sourceTree = "<group>";
		};
/* End PBXGroup section */

/* Begin PBXNativeTarget section */
		8566795A2688CE78007A731B /* ExpenseTrackingApp */ = {
			isa = PBXNativeTarget;
			buildConfigurationList = 856679852688CE82007A731B /* Build configuration list for PBXNativeTarget "ExpenseTrackingApp" */;
			buildPhases = (
				856679572688CE78007A731B /* Sources */,
				856679582688CE78007A731B /* Frameworks */,
				856679592688CE78007A731B /* Resources */,
			);
			buildRules = (
			);
			dependencies = (
			);
			name = ExpenseTrackingApp;
			packageProductDependencies = (
				8554E0E126FE2AC3003945EE /* Introspect */,
			);
			productName = ExpenseTrackingApp;
			productReference = 8566795B2688CE78007A731B /* ExpenseTrackingApp.app */;
			productType = "com.apple.product-type.application";
		};
		856679702688CE82007A731B /* ExpenseTrackingAppTests */ = {
			isa = PBXNativeTarget;
			buildConfigurationList = 856679882688CE82007A731B /* Build configuration list for PBXNativeTarget "ExpenseTrackingAppTests" */;
			buildPhases = (
				8566796D2688CE82007A731B /* Sources */,
				8566796E2688CE82007A731B /* Frameworks */,
				8566796F2688CE82007A731B /* Resources */,
			);
			buildRules = (
			);
			dependencies = (
				856679732688CE82007A731B /* PBXTargetDependency */,
			);
			name = ExpenseTrackingAppTests;
			productName = ExpenseTrackingAppTests;
			productReference = 856679712688CE82007A731B /* ExpenseTrackingAppTests.xctest */;
			productType = "com.apple.product-type.bundle.unit-test";
		};
		8566797B2688CE82007A731B /* ExpenseTrackingAppUITests */ = {
			isa = PBXNativeTarget;
			buildConfigurationList = 8566798B2688CE82007A731B /* Build configuration list for PBXNativeTarget "ExpenseTrackingAppUITests" */;
			buildPhases = (
				856679782688CE82007A731B /* Sources */,
				856679792688CE82007A731B /* Frameworks */,
				8566797A2688CE82007A731B /* Resources */,
			);
			buildRules = (
			);
			dependencies = (
				8566797E2688CE82007A731B /* PBXTargetDependency */,
			);
			name = ExpenseTrackingAppUITests;
			productName = ExpenseTrackingAppUITests;
			productReference = 8566797C2688CE82007A731B /* ExpenseTrackingAppUITests.xctest */;
			productType = "com.apple.product-type.bundle.ui-testing";
		};
/* End PBXNativeTarget section */

/* Begin PBXProject section */
		856679532688CE78007A731B /* Project object */ = {
			isa = PBXProject;
			attributes = {
				LastSwiftUpdateCheck = 1250;
				LastUpgradeCheck = 1250;
				TargetAttributes = {
					8566795A2688CE78007A731B = {
						CreatedOnToolsVersion = 12.5;
					};
					856679702688CE82007A731B = {
						CreatedOnToolsVersion = 12.5;
						TestTargetID = 8566795A2688CE78007A731B;
					};
					8566797B2688CE82007A731B = {
						CreatedOnToolsVersion = 12.5;
						TestTargetID = 8566795A2688CE78007A731B;
					};
				};
			};
			buildConfigurationList = 856679562688CE78007A731B /* Build configuration list for PBXProject "ExpenseTrackingApp" */;
			compatibilityVersion = "Xcode 9.3";
			developmentRegion = en;
			hasScannedForEncodings = 0;
			knownRegions = (
				en,
				Base,
			);
			mainGroup = 856679522688CE78007A731B;
			packageReferences = (
				8554E0E026FE2AC3003945EE /* XCRemoteSwiftPackageReference "SwiftUI-Introspect" */,
			);
			productRefGroup = 8566795C2688CE78007A731B /* Products */;
			projectDirPath = "";
			projectRoot = "";
			targets = (
				8566795A2688CE78007A731B /* ExpenseTrackingApp */,
				856679702688CE82007A731B /* ExpenseTrackingAppTests */,
				8566797B2688CE82007A731B /* ExpenseTrackingAppUITests */,
			);
		};
/* End PBXProject section */

/* Begin PBXResourcesBuildPhase section */
		856679592688CE78007A731B /* Resources */ = {
			isa = PBXResourcesBuildPhase;
			buildActionMask = 2147483647;
			files = (
				856679662688CE81007A731B /* Preview Assets.xcassets in Resources */,
				856679632688CE81007A731B /* Assets.xcassets in Resources */,
			);
			runOnlyForDeploymentPostprocessing = 0;
		};
		8566796F2688CE82007A731B /* Resources */ = {
			isa = PBXResourcesBuildPhase;
			buildActionMask = 2147483647;
			files = (
			);
			runOnlyForDeploymentPostprocessing = 0;
		};
		8566797A2688CE82007A731B /* Resources */ = {
			isa = PBXResourcesBuildPhase;
			buildActionMask = 2147483647;
			files = (
			);
			runOnlyForDeploymentPostprocessing = 0;
		};
/* End PBXResourcesBuildPhase section */

/* Begin PBXSourcesBuildPhase section */
		856679572688CE78007A731B /* Sources */ = {
			isa = PBXSourcesBuildPhase;
			buildActionMask = 2147483647;
			files = (
				857582C0270AB6780062FDD0 /* SettingsView.swift in Sources */,
				854FDE6C271E031C00A2CAC1 /* ReminderCard.swift in Sources */,
				85F9CC0A2704DB07007C2DF3 /* KeyboardUtils.swift in Sources */,
				856679682688CE81007A731B /* PersistenceManager.swift in Sources */,
				8554E0E526FE30D0003945EE /* AddExpenseViewModel.swift in Sources */,
				85A2F99726FF0677001818AC /* NavBarButtons.swift in Sources */,
				854FDE6A271E009500A2CAC1 /* LimitCard.swift in Sources */,
				85A2F99926FF09E8001818AC /* ExpensePieChart.swift in Sources */,
				85A2F99F26FF81AE001818AC /* DevTestUtils.swift in Sources */,
				8523AEAD26B4A171006EC205 /* PieChart.swift in Sources */,
				85EB1A15270B48290088F168 /* SettingsManager.swift in Sources */,
				8523AEAE26B4A171006EC205 /* PieceOfPie.swift in Sources */,
				856679612688CE79007A731B /* ContentView.swift in Sources */,
				85337B102702133F00EFABB4 /* DetailedExpenseViewModel.swift in Sources */,
				85F9CC0C2705765E007C2DF3 /* ResponsiveTextField.swift in Sources */,
				856679A32688DE37007A731B /* AddExpenseView.swift in Sources */,
				8523AEAC26B4A171006EC205 /* Legend.swift in Sources */,
				8554E0EA26FE4C82003945EE /* UIAppearanceUtils.swift in Sources */,
				85A9F9BB27197F9A0060F5FD /* LimitReminder.swift in Sources */,
				8523AEAB26B4A171006EC205 /* LegendItem.swift in Sources */,
				85A9F9B92718B74A0060F5FD /* DayPicker.swift in Sources */,
				858EC0AA27174B0100E1D904 /* LimitsSelectionCard.swift in Sources */,
				85A2F99D26FF8163001818AC /* ExpenseList.swift in Sources */,
				85E7E613269986D100CBEEB0 /* ExpenseItemViewModel.swift in Sources */,
				85A9F9BD2719D5550060F5FD /* Constants.swift in Sources */,
				85EB1A13270B478A0088F168 /* UserPrefsCompanion.swift in Sources */,
				8564902D2706E550007FB202 /* ExpensePieChartViewModel.swift in Sources */,
				8566799D2688D46A007A731B /* ExpenseManager.swift in Sources */,
				858EC0A62717324300E1D904 /* LimitsViewModel.swift in Sources */,
				851362E6272537C6000FB347 /* AppNavTitle.swift in Sources */,
				858EC0A8271745D900E1D904 /* LimitsView.swift in Sources */,
				8566795F2688CE79007A731B /* ExpenseTrackingAppApp.swift in Sources */,
				857582B62709E6500062FDD0 /* ExpenseListViewModel.swift in Sources */,
				8589A239270356860033B791 /* UIApplication+Extensions.swift in Sources */,
				856679A52688E013007A731B /* ExpenseListItem.swift in Sources */,
				857582BE270AB5700062FDD0 /* SettingsViewModel.swift in Sources */,
				856679972688D336007A731B /* String+Extensions.swift in Sources */,
				856679952688D177007A731B /* CustomViewModifiers.swift in Sources */,
				8566796B2688CE81007A731B /* ExpenseTrackingApp.xcdatamodeld in Sources */,
				8554E0E826FE3251003945EE /* ExpenseType.swift in Sources */,
				85367B322689871B00B9C1C8 /* DetailedExpenseView.swift in Sources */,
				85A9F9BF271A11960060F5FD /* ForegroundNotificationHandler.swift in Sources */,
				857582C2270B3ED30062FDD0 /* CurrencySelectionCard.swift in Sources */,
				851362E8272538A2000FB347 /* AppNavBar.swift in Sources */,
				857582BA270A2D1A0062FDD0 /* ExpenseCompanion.swift in Sources */,
				8523AEAF26B4A171006EC205 /* PieChartWithLegend.swift in Sources */,
			);
			runOnlyForDeploymentPostprocessing = 0;
		};
		8566796D2688CE82007A731B /* Sources */ = {
			isa = PBXSourcesBuildPhase;
			buildActionMask = 2147483647;
			files = (
				856679762688CE82007A731B /* ExpenseTrackingAppTests.swift in Sources */,
			);
			runOnlyForDeploymentPostprocessing = 0;
		};
		856679782688CE82007A731B /* Sources */ = {
			isa = PBXSourcesBuildPhase;
			buildActionMask = 2147483647;
			files = (
				856679812688CE82007A731B /* ExpenseTrackingAppUITests.swift in Sources */,
			);
			runOnlyForDeploymentPostprocessing = 0;
		};
/* End PBXSourcesBuildPhase section */

/* Begin PBXTargetDependency section */
		856679732688CE82007A731B /* PBXTargetDependency */ = {
			isa = PBXTargetDependency;
			target = 8566795A2688CE78007A731B /* ExpenseTrackingApp */;
			targetProxy = 856679722688CE82007A731B /* PBXContainerItemProxy */;
		};
		8566797E2688CE82007A731B /* PBXTargetDependency */ = {
			isa = PBXTargetDependency;
			target = 8566795A2688CE78007A731B /* ExpenseTrackingApp */;
			targetProxy = 8566797D2688CE82007A731B /* PBXContainerItemProxy */;
		};
/* End PBXTargetDependency section */

/* Begin XCBuildConfiguration section */
		856679832688CE82007A731B /* Debug */ = {
			isa = XCBuildConfiguration;
			buildSettings = {
				ALWAYS_SEARCH_USER_PATHS = NO;
				CLANG_ANALYZER_NONNULL = YES;
				CLANG_ANALYZER_NUMBER_OBJECT_CONVERSION = YES_AGGRESSIVE;
				CLANG_CXX_LANGUAGE_STANDARD = "gnu++14";
				CLANG_CXX_LIBRARY = "libc++";
				CLANG_ENABLE_MODULES = YES;
				CLANG_ENABLE_OBJC_ARC = YES;
				CLANG_ENABLE_OBJC_WEAK = YES;
				CLANG_WARN_BLOCK_CAPTURE_AUTORELEASING = YES;
				CLANG_WARN_BOOL_CONVERSION = YES;
				CLANG_WARN_COMMA = YES;
				CLANG_WARN_CONSTANT_CONVERSION = YES;
				CLANG_WARN_DEPRECATED_OBJC_IMPLEMENTATIONS = YES;
				CLANG_WARN_DIRECT_OBJC_ISA_USAGE = YES_ERROR;
				CLANG_WARN_DOCUMENTATION_COMMENTS = YES;
				CLANG_WARN_EMPTY_BODY = YES;
				CLANG_WARN_ENUM_CONVERSION = YES;
				CLANG_WARN_INFINITE_RECURSION = YES;
				CLANG_WARN_INT_CONVERSION = YES;
				CLANG_WARN_NON_LITERAL_NULL_CONVERSION = YES;
				CLANG_WARN_OBJC_IMPLICIT_RETAIN_SELF = YES;
				CLANG_WARN_OBJC_LITERAL_CONVERSION = YES;
				CLANG_WARN_OBJC_ROOT_CLASS = YES_ERROR;
				CLANG_WARN_QUOTED_INCLUDE_IN_FRAMEWORK_HEADER = YES;
				CLANG_WARN_RANGE_LOOP_ANALYSIS = YES;
				CLANG_WARN_STRICT_PROTOTYPES = YES;
				CLANG_WARN_SUSPICIOUS_MOVE = YES;
				CLANG_WARN_UNGUARDED_AVAILABILITY = YES_AGGRESSIVE;
				CLANG_WARN_UNREACHABLE_CODE = YES;
				CLANG_WARN__DUPLICATE_METHOD_MATCH = YES;
				COPY_PHASE_STRIP = NO;
				DEBUG_INFORMATION_FORMAT = dwarf;
				ENABLE_STRICT_OBJC_MSGSEND = YES;
				ENABLE_TESTABILITY = YES;
				GCC_C_LANGUAGE_STANDARD = gnu11;
				GCC_DYNAMIC_NO_PIC = NO;
				GCC_NO_COMMON_BLOCKS = YES;
				GCC_OPTIMIZATION_LEVEL = 0;
				GCC_PREPROCESSOR_DEFINITIONS = (
					"DEBUG=1",
					"$(inherited)",
				);
				GCC_WARN_64_TO_32_BIT_CONVERSION = YES;
				GCC_WARN_ABOUT_RETURN_TYPE = YES_ERROR;
				GCC_WARN_UNDECLARED_SELECTOR = YES;
				GCC_WARN_UNINITIALIZED_AUTOS = YES_AGGRESSIVE;
				GCC_WARN_UNUSED_FUNCTION = YES;
				GCC_WARN_UNUSED_VARIABLE = YES;
				IPHONEOS_DEPLOYMENT_TARGET = 14.5;
				MTL_ENABLE_DEBUG_INFO = INCLUDE_SOURCE;
				MTL_FAST_MATH = YES;
				ONLY_ACTIVE_ARCH = YES;
				SDKROOT = iphoneos;
				SWIFT_ACTIVE_COMPILATION_CONDITIONS = DEBUG;
				SWIFT_OPTIMIZATION_LEVEL = "-Onone";
			};
			name = Debug;
		};
		856679842688CE82007A731B /* Release */ = {
			isa = XCBuildConfiguration;
			buildSettings = {
				ALWAYS_SEARCH_USER_PATHS = NO;
				CLANG_ANALYZER_NONNULL = YES;
				CLANG_ANALYZER_NUMBER_OBJECT_CONVERSION = YES_AGGRESSIVE;
				CLANG_CXX_LANGUAGE_STANDARD = "gnu++14";
				CLANG_CXX_LIBRARY = "libc++";
				CLANG_ENABLE_MODULES = YES;
				CLANG_ENABLE_OBJC_ARC = YES;
				CLANG_ENABLE_OBJC_WEAK = YES;
				CLANG_WARN_BLOCK_CAPTURE_AUTORELEASING = YES;
				CLANG_WARN_BOOL_CONVERSION = YES;
				CLANG_WARN_COMMA = YES;
				CLANG_WARN_CONSTANT_CONVERSION = YES;
				CLANG_WARN_DEPRECATED_OBJC_IMPLEMENTATIONS = YES;
				CLANG_WARN_DIRECT_OBJC_ISA_USAGE = YES_ERROR;
				CLANG_WARN_DOCUMENTATION_COMMENTS = YES;
				CLANG_WARN_EMPTY_BODY = YES;
				CLANG_WARN_ENUM_CONVERSION = YES;
				CLANG_WARN_INFINITE_RECURSION = YES;
				CLANG_WARN_INT_CONVERSION = YES;
				CLANG_WARN_NON_LITERAL_NULL_CONVERSION = YES;
				CLANG_WARN_OBJC_IMPLICIT_RETAIN_SELF = YES;
				CLANG_WARN_OBJC_LITERAL_CONVERSION = YES;
				CLANG_WARN_OBJC_ROOT_CLASS = YES_ERROR;
				CLANG_WARN_QUOTED_INCLUDE_IN_FRAMEWORK_HEADER = YES;
				CLANG_WARN_RANGE_LOOP_ANALYSIS = YES;
				CLANG_WARN_STRICT_PROTOTYPES = YES;
				CLANG_WARN_SUSPICIOUS_MOVE = YES;
				CLANG_WARN_UNGUARDED_AVAILABILITY = YES_AGGRESSIVE;
				CLANG_WARN_UNREACHABLE_CODE = YES;
				CLANG_WARN__DUPLICATE_METHOD_MATCH = YES;
				COPY_PHASE_STRIP = NO;
				DEBUG_INFORMATION_FORMAT = "dwarf-with-dsym";
				ENABLE_NS_ASSERTIONS = NO;
				ENABLE_STRICT_OBJC_MSGSEND = YES;
				GCC_C_LANGUAGE_STANDARD = gnu11;
				GCC_NO_COMMON_BLOCKS = YES;
				GCC_WARN_64_TO_32_BIT_CONVERSION = YES;
				GCC_WARN_ABOUT_RETURN_TYPE = YES_ERROR;
				GCC_WARN_UNDECLARED_SELECTOR = YES;
				GCC_WARN_UNINITIALIZED_AUTOS = YES_AGGRESSIVE;
				GCC_WARN_UNUSED_FUNCTION = YES;
				GCC_WARN_UNUSED_VARIABLE = YES;
				IPHONEOS_DEPLOYMENT_TARGET = 14.5;
				MTL_ENABLE_DEBUG_INFO = NO;
				MTL_FAST_MATH = YES;
				SDKROOT = iphoneos;
				SWIFT_COMPILATION_MODE = wholemodule;
				SWIFT_OPTIMIZATION_LEVEL = "-O";
				VALIDATE_PRODUCT = YES;
			};
			name = Release;
		};
		856679862688CE82007A731B /* Debug */ = {
			isa = XCBuildConfiguration;
			buildSettings = {
				ASSETCATALOG_COMPILER_APPICON_NAME = AppIcon;
				ASSETCATALOG_COMPILER_GLOBAL_ACCENT_COLOR_NAME = AccentColor;
				CODE_SIGN_ENTITLEMENTS = ExpenseTrackingApp/ExpenseTrackingApp.entitlements;
				CODE_SIGN_STYLE = Automatic;
				DEVELOPMENT_ASSET_PATHS = "\"ExpenseTrackingApp/Preview Content\"";
				DEVELOPMENT_TEAM = T9DDB4H4HQ;
				ENABLE_PREVIEWS = YES;
				INFOPLIST_FILE = ExpenseTrackingApp/Info.plist;
				IPHONEOS_DEPLOYMENT_TARGET = 14.0;
				LD_RUNPATH_SEARCH_PATHS = (
					"$(inherited)",
					"@executable_path/Frameworks",
				);
				PRODUCT_BUNDLE_IDENTIFIER = com.atinagnihotri.ExpenseTrackingApp;
				PRODUCT_NAME = "$(TARGET_NAME)";
				SWIFT_VERSION = 5.0;
				TARGETED_DEVICE_FAMILY = 1;
			};
			name = Debug;
		};
		856679872688CE82007A731B /* Release */ = {
			isa = XCBuildConfiguration;
			buildSettings = {
				ASSETCATALOG_COMPILER_APPICON_NAME = AppIcon;
				ASSETCATALOG_COMPILER_GLOBAL_ACCENT_COLOR_NAME = AccentColor;
				CODE_SIGN_ENTITLEMENTS = ExpenseTrackingApp/ExpenseTrackingAppRelease.entitlements;
				CODE_SIGN_STYLE = Automatic;
				DEVELOPMENT_ASSET_PATHS = "\"ExpenseTrackingApp/Preview Content\"";
				DEVELOPMENT_TEAM = T9DDB4H4HQ;
				ENABLE_PREVIEWS = YES;
				INFOPLIST_FILE = ExpenseTrackingApp/Info.plist;
				IPHONEOS_DEPLOYMENT_TARGET = 14.0;
				LD_RUNPATH_SEARCH_PATHS = (
					"$(inherited)",
					"@executable_path/Frameworks",
				);
				PRODUCT_BUNDLE_IDENTIFIER = com.atinagnihotri.ExpenseTrackingApp;
				PRODUCT_NAME = "$(TARGET_NAME)";
				SWIFT_VERSION = 5.0;
				TARGETED_DEVICE_FAMILY = 1;
			};
			name = Release;
		};
		856679892688CE82007A731B /* Debug */ = {
			isa = XCBuildConfiguration;
			buildSettings = {
				ALWAYS_EMBED_SWIFT_STANDARD_LIBRARIES = YES;
				BUNDLE_LOADER = "$(TEST_HOST)";
				CODE_SIGN_STYLE = Automatic;
				DEVELOPMENT_TEAM = T9DDB4H4HQ;
				INFOPLIST_FILE = ExpenseTrackingAppTests/Info.plist;
				IPHONEOS_DEPLOYMENT_TARGET = 14.0;
				LD_RUNPATH_SEARCH_PATHS = (
					"$(inherited)",
					"@executable_path/Frameworks",
					"@loader_path/Frameworks",
				);
				PRODUCT_BUNDLE_IDENTIFIER = com.atinagnihotri.ExpenseTrackingAppTests;
				PRODUCT_NAME = "$(TARGET_NAME)";
				SWIFT_VERSION = 5.0;
				TARGETED_DEVICE_FAMILY = "1,2";
				TEST_HOST = "$(BUILT_PRODUCTS_DIR)/ExpenseTrackingApp.app/ExpenseTrackingApp";
			};
			name = Debug;
		};
		8566798A2688CE82007A731B /* Release */ = {
			isa = XCBuildConfiguration;
			buildSettings = {
				ALWAYS_EMBED_SWIFT_STANDARD_LIBRARIES = YES;
				BUNDLE_LOADER = "$(TEST_HOST)";
				CODE_SIGN_STYLE = Automatic;
				DEVELOPMENT_TEAM = T9DDB4H4HQ;
				INFOPLIST_FILE = ExpenseTrackingAppTests/Info.plist;
				IPHONEOS_DEPLOYMENT_TARGET = 14.0;
				LD_RUNPATH_SEARCH_PATHS = (
					"$(inherited)",
					"@executable_path/Frameworks",
					"@loader_path/Frameworks",
				);
				PRODUCT_BUNDLE_IDENTIFIER = com.atinagnihotri.ExpenseTrackingAppTests;
				PRODUCT_NAME = "$(TARGET_NAME)";
				SWIFT_VERSION = 5.0;
				TARGETED_DEVICE_FAMILY = "1,2";
				TEST_HOST = "$(BUILT_PRODUCTS_DIR)/ExpenseTrackingApp.app/ExpenseTrackingApp";
			};
			name = Release;
		};
		8566798C2688CE82007A731B /* Debug */ = {
			isa = XCBuildConfiguration;
			buildSettings = {
				ALWAYS_EMBED_SWIFT_STANDARD_LIBRARIES = YES;
				CODE_SIGN_STYLE = Automatic;
				DEVELOPMENT_TEAM = T9DDB4H4HQ;
				INFOPLIST_FILE = ExpenseTrackingAppUITests/Info.plist;
				LD_RUNPATH_SEARCH_PATHS = (
					"$(inherited)",
					"@executable_path/Frameworks",
					"@loader_path/Frameworks",
				);
				PRODUCT_BUNDLE_IDENTIFIER = com.atinagnihotri.ExpenseTrackingAppUITests;
				PRODUCT_NAME = "$(TARGET_NAME)";
				SWIFT_VERSION = 5.0;
				TARGETED_DEVICE_FAMILY = "1,2";
				TEST_TARGET_NAME = ExpenseTrackingApp;
			};
			name = Debug;
		};
		8566798D2688CE82007A731B /* Release */ = {
			isa = XCBuildConfiguration;
			buildSettings = {
				ALWAYS_EMBED_SWIFT_STANDARD_LIBRARIES = YES;
				CODE_SIGN_STYLE = Automatic;
				DEVELOPMENT_TEAM = T9DDB4H4HQ;
				INFOPLIST_FILE = ExpenseTrackingAppUITests/Info.plist;
				LD_RUNPATH_SEARCH_PATHS = (
					"$(inherited)",
					"@executable_path/Frameworks",
					"@loader_path/Frameworks",
				);
				PRODUCT_BUNDLE_IDENTIFIER = com.atinagnihotri.ExpenseTrackingAppUITests;
				PRODUCT_NAME = "$(TARGET_NAME)";
				SWIFT_VERSION = 5.0;
				TARGETED_DEVICE_FAMILY = "1,2";
				TEST_TARGET_NAME = ExpenseTrackingApp;
			};
			name = Release;
		};
/* End XCBuildConfiguration section */

/* Begin XCConfigurationList section */
		856679562688CE78007A731B /* Build configuration list for PBXProject "ExpenseTrackingApp" */ = {
			isa = XCConfigurationList;
			buildConfigurations = (
				856679832688CE82007A731B /* Debug */,
				856679842688CE82007A731B /* Release */,
			);
			defaultConfigurationIsVisible = 0;
			defaultConfigurationName = Release;
		};
		856679852688CE82007A731B /* Build configuration list for PBXNativeTarget "ExpenseTrackingApp" */ = {
			isa = XCConfigurationList;
			buildConfigurations = (
				856679862688CE82007A731B /* Debug */,
				856679872688CE82007A731B /* Release */,
			);
			defaultConfigurationIsVisible = 0;
			defaultConfigurationName = Release;
		};
		856679882688CE82007A731B /* Build configuration list for PBXNativeTarget "ExpenseTrackingAppTests" */ = {
			isa = XCConfigurationList;
			buildConfigurations = (
				856679892688CE82007A731B /* Debug */,
				8566798A2688CE82007A731B /* Release */,
			);
			defaultConfigurationIsVisible = 0;
			defaultConfigurationName = Release;
		};
		8566798B2688CE82007A731B /* Build configuration list for PBXNativeTarget "ExpenseTrackingAppUITests" */ = {
			isa = XCConfigurationList;
			buildConfigurations = (
				8566798C2688CE82007A731B /* Debug */,
				8566798D2688CE82007A731B /* Release */,
			);
			defaultConfigurationIsVisible = 0;
			defaultConfigurationName = Release;
		};
/* End XCConfigurationList section */

/* Begin XCRemoteSwiftPackageReference section */
		8554E0E026FE2AC3003945EE /* XCRemoteSwiftPackageReference "SwiftUI-Introspect" */ = {
			isa = XCRemoteSwiftPackageReference;
			repositoryURL = "https://github.com/siteline/SwiftUI-Introspect.git";
			requirement = {
				kind = upToNextMajorVersion;
				minimumVersion = 0.1.3;
			};
		};
/* End XCRemoteSwiftPackageReference section */

/* Begin XCSwiftPackageProductDependency section */
		8554E0E126FE2AC3003945EE /* Introspect */ = {
			isa = XCSwiftPackageProductDependency;
			package = 8554E0E026FE2AC3003945EE /* XCRemoteSwiftPackageReference "SwiftUI-Introspect" */;
			productName = Introspect;
		};
/* End XCSwiftPackageProductDependency section */

/* Begin XCVersionGroup section */
		856679692688CE81007A731B /* ExpenseTrackingApp.xcdatamodeld */ = {
			isa = XCVersionGroup;
			children = (
				8566796A2688CE81007A731B /* ExpenseTrackingApp.xcdatamodel */,
			);
			currentVersion = 8566796A2688CE81007A731B /* ExpenseTrackingApp.xcdatamodel */;
			path = ExpenseTrackingApp.xcdatamodeld;
			sourceTree = "<group>";
			versionGroupType = wrapper.xcdatamodel;
		};
/* End XCVersionGroup section */
	};
	rootObject = 856679532688CE78007A731B /* Project object */;
}
